
Microsoft Visual Studio Solution File, Format Version 12.00
# Visual Studio Version 17
VisualStudioVersion = 17.6.33723.286
MinimumVisualStudioVersion = 10.0.40219.1
Project("{FAE04EC0-301F-11D3-BF4B-00C04F79EFBC}") = "ProductsManager", "ProductsManager.csproj", "{1909FCEA-8FD3-4C13-9BC8-34471A94270B}"
EndProject
Global
	GlobalSection(SolutionConfigurationPlatforms) = preSolution
		Debug|Any CPU = Debug|Any CPU
		Release|Any CPU = Release|Any CPU
	EndGlobalSection
	GlobalSection(ProjectConfigurationPlatforms) = postSolution
		{1909FCEA-8FD3-4C13-9BC8-34471A94270B}.Debug|Any CPU.ActiveCfg = Debug|Any CPU
		{1909FCEA-8FD3-4C13-9BC8-34471A94270B}.Debug|Any CPU.Build.0 = Debug|Any CPU
		{1909FCEA-8FD3-4C13-9BC8-34471A94270B}.Release|Any CPU.ActiveCfg = Release|Any CPU
		{1909FCEA-8FD3-4C13-9BC8-34471A94270B}.Release|Any CPU.Build.0 = Release|Any CPU
	EndGlobalSection
	GlobalSection(SolutionProperties) = preSolution
		HideSolutionNode = FALSE
	EndGlobalSection
	GlobalSection(ExtensibilityGlobals) = postSolution
		SolutionGuid = {0C6D2B81-594B-451C-9578-3490E2DACDC7}
	EndGlobalSection
EndGlobal
